
Microsoft Visual Studio Solution File, Format Version 12.00
# Visual Studio Version 17
VisualStudioVersion = 17.3.32929.385
MinimumVisualStudioVersion = 10.0.40219.1
Project("{FAE04EC0-301F-11D3-BF4B-00C04F79EFBC}") = "sendrecivenetworkpacket", "sendrecivenetworkpacket.csproj", "{F548A8CF-90DB-4A1C-A937-1BEA9695AA32}"
EndProject
Global
	GlobalSection(SolutionConfigurationPlatforms) = preSolution
		Debug|Any CPU = Debug|Any CPU
		Release|Any CPU = Release|Any CPU
	EndGlobalSection
	GlobalSection(ProjectConfigurationPlatforms) = postSolution
		{F548A8CF-90DB-4A1C-A937-1BEA9695AA32}.Debug|Any CPU.ActiveCfg = Debug|Any CPU
		{F548A8CF-90DB-4A1C-A937-1BEA9695AA32}.Debug|Any CPU.Build.0 = Debug|Any CPU
		{F548A8CF-90DB-4A1C-A937-1BEA9695AA32}.Release|Any CPU.ActiveCfg = Release|Any CPU
		{F548A8CF-90DB-4A1C-A937-1BEA9695AA32}.Release|Any CPU.Build.0 = Release|Any CPU
	EndGlobalSection
	GlobalSection(SolutionProperties) = preSolution
		HideSolutionNode = FALSE
	EndGlobalSection
	GlobalSection(ExtensibilityGlobals) = postSolution
		SolutionGuid = {851871B7-0149-4354-9B02-5898A90121CA}
	EndGlobalSection
EndGlobal
